<?xml version="1.0" encoding="utf-8"?>
<Project ToolsVersion="4.0" xmlns="http://schemas.microsoft.com/developer/msbuild/2003">
  <ItemGroup>
    <Filter Include="Source Files">
      <UniqueIdentifier>{4FC737F1-C7A5-4376-A066-2A32D752A2FF}</UniqueIdentifier>
      <Extensions>cpp;c;cc;cxx;def;odl;idl;hpj;bat;asm;asmx</Extensions>
    </Filter>
    <Filter Include="Header Files">
      <UniqueIdentifier>{93995380-89BD-4b04-88EB-625FBE52EBFB}</UniqueIdentifier>
      <Extensions>h;hh;hpp;hxx;hm;inl;inc;xsd</Extensions>
    </Filter>
    <Filter Include="Resource Files">
      <UniqueIdentifier>{67DA6AB6-F800-4c08-8B7A-83BB121AAD01}</UniqueIdentifier>
      <Extensions>rc;ico;cur;bmp;dlg;rc2;rct;bin;rgs;gif;jpg;jpeg;jpe;resx;tiff;tif;png;wav;mfcribbon-ms</Extensions>
    </Filter>
    <Filter Include="Header Files\Graphics">
      <UniqueIdentifier>{97201d17-f087-434c-99e4-d0720f3d627f}</UniqueIdentifier>
    </Filter>
    <Filter Include="Source Files\Graphics">
      <UniqueIdentifier>{f87a4640-f7ea-4524-a068-85b1c13d448b}</UniqueIdentifier>
    </Filter>
    <Filter Include="Shaders">
      <UniqueIdentifier>{193d5c01-8b1b-4e78-91fe-083f599f5b01}</UniqueIdentifier>
    </Filter>
    <Filter Include="Source Files\Graphics\ShaderClass">
      <UniqueIdentifier>{9842af23-9acb-4413-93d8-bfd62dd61802}</UniqueIdentifier>
    </Filter>
    <Filter Include="Header Files\Graphics\ShaderClass">
      <UniqueIdentifier>{238046dc-e024-4c9f-a95b-a97633ffa9b5}</UniqueIdentifier>
    </Filter>
  </ItemGroup>
  <ItemGroup>
    <None Include="Shader\Color.vs">
      <Filter>Shaders</Filter>
    </None>
    <None Include="Shader\Texture.ps">
      <Filter>Shaders</Filter>
    </None>
    <None Include="Shader\Texture.vs">
      <Filter>Shaders</Filter>
    </None>
    <None Include="Shader\Color.ps">
      <Filter>Shaders</Filter>
    </None>
  </ItemGroup>
  <ItemGroup>
    <ClInclude Include="Header\Inputclass.h">
      <Filter>Header Files</Filter>
    </ClInclude>
    <ClInclude Include="Header\Systemclass.h">
      <Filter>Header Files</Filter>
    </ClInclude>
    <ClInclude Include="Header\D3dclass.h">
      <Filter>Header Files\Graphics</Filter>
    </ClInclude>
    <ClInclude Include="Header\Graphicsclass.h">
      <Filter>Header Files\Graphics</Filter>
    </ClInclude>
    <ClInclude Include="Header\Modelclass.h">
      <Filter>Header Files\Graphics</Filter>
    </ClInclude>
    <ClInclude Include="Header\Textureclass.h">
      <Filter>Header Files\Graphics</Filter>
    </ClInclude>
    <ClInclude Include="Header\Cameraclass.h">
      <Filter>Header Files\Graphics</Filter>
    </ClInclude>
    <ClInclude Include="Header\Colorshaderclass.h">
      <Filter>Header Files\Graphics\ShaderClass</Filter>
    </ClInclude>
    <ClInclude Include="Header\Textureshaderclass.h">
      <Filter>Header Files\Graphics\ShaderClass</Filter>
    </ClInclude>
    <ClInclude Include="Header\Mydefines.h">
      <Filter>Header Files</Filter>
    </ClInclude>
  </ItemGroup>
  <ItemGroup>
    <ClCompile Include="Source\Inputclass.cpp">
      <Filter>Source Files</Filter>
    </ClCompile>
    <ClCompile Include="Source\main.cpp">
      <Filter>Source Files</Filter>
    </ClCompile>
    <ClCompile Include="Source\Systemclass.cpp">
      <Filter>Source Files</Filter>
    </ClCompile>
    <ClCompile Include="Source\Modelclass.cpp">
      <Filter>Source Files\Graphics</Filter>
    </ClCompile>
    <ClCompile Include="Source\Textureclass.cpp">
      <Filter>Source Files\Graphics</Filter>
    </ClCompile>
    <ClCompile Include="Source\Cameraclass.cpp">
      <Filter>Source Files\Graphics</Filter>
    </ClCompile>
    <ClCompile Include="Source\D3dclass.cpp">
      <Filter>Source Files\Graphics</Filter>
    </ClCompile>
    <ClCompile Include="Source\Graphicsclass.cpp">
      <Filter>Source Files\Graphics</Filter>
    </ClCompile>
    <ClCompile Include="Source\Colorshaderclass.cpp">
      <Filter>Source Files\Graphics\ShaderClass</Filter>
    </ClCompile>
    <ClCompile Include="Source\Textureshaderclass.cpp">
      <Filter>Source Files\Graphics\ShaderClass</Filter>
    </ClCompile>
  </ItemGroup>
  <ItemGroup>
    <Image Include="Resource\Texture\seafloor.DDS">
      <Filter>Resource Files</Filter>
    </Image>
  </ItemGroup>
</Project>