
Microsoft Visual Studio Solution File, Format Version 12.00
# Visual Studio 15
VisualStudioVersion = 15.0.33026.149
MinimumVisualStudioVersion = 10.0.40219.1
Project("{8BC9CEB8-8B4A-11D0-8D11-00A0C91BC942}") = "StreamRtcDemo", "StreamRtcDemo\StreamRtcDemo.vcxproj", "{54A00ECC-DAA3-414B-9C18-13A7986D8591}"
EndProject
Global
	GlobalSection(SolutionConfigurationPlatforms) = preSolution
		Debug|x64 = Debug|x64
		Debug|x86 = Debug|x86
		Release|x64 = Release|x64
		Release|x86 = Release|x86
	EndGlobalSection
	GlobalSection(ProjectConfigurationPlatforms) = postSolution
		{54A00ECC-DAA3-414B-9C18-13A7986D8591}.Debug|x64.ActiveCfg = Debug|x64
		{54A00ECC-DAA3-414B-9C18-13A7986D8591}.Debug|x64.Build.0 = Debug|x64
		{54A00ECC-DAA3-414B-9C18-13A7986D8591}.Debug|x86.ActiveCfg = Debug|Win32
		{54A00ECC-DAA3-414B-9C18-13A7986D8591}.Debug|x86.Build.0 = Debug|Win32
		{54A00ECC-DAA3-414B-9C18-13A7986D8591}.Release|x64.ActiveCfg = Release|x64
		{54A00ECC-DAA3-414B-9C18-13A7986D8591}.Release|x64.Build.0 = Release|x64
		{54A00ECC-DAA3-414B-9C18-13A7986D8591}.Release|x86.ActiveCfg = Release|Win32
		{54A00ECC-DAA3-414B-9C18-13A7986D8591}.Release|x86.Build.0 = Release|Win32
	EndGlobalSection
	GlobalSection(SolutionProperties) = preSolution
		HideSolutionNode = FALSE
	EndGlobalSection
	GlobalSection(ExtensibilityGlobals) = postSolution
		SolutionGuid = {1ED91E6E-B6AA-4760-8E50-22D0A4A17541}
	EndGlobalSection
EndGlobal
