
Microsoft Visual Studio Solution File, Format Version 12.00
# Visual Studio Version 16
VisualStudioVersion = 16.0.32228.343
MinimumVisualStudioVersion = 10.0.40219.1
Project("{8BC9CEB8-8B4A-11D0-8D11-00A0C91BC942}") = "cuda", "cuda\cuda.vcxproj", "{BE23AD3B-A4C0-41EF-A97C-FA07B2AA7D8B}"
EndProject
Global
	GlobalSection(SolutionConfigurationPlatforms) = preSolution
		Debug|x64 = Debug|x64
		Debug|x86 = Debug|x86
		Release|x64 = Release|x64
		Release|x86 = Release|x86
	EndGlobalSection
	GlobalSection(ProjectConfigurationPlatforms) = postSolution
		{BE23AD3B-A4C0-41EF-A97C-FA07B2AA7D8B}.Debug|x64.ActiveCfg = Debug|x64
		{BE23AD3B-A4C0-41EF-A97C-FA07B2AA7D8B}.Debug|x64.Build.0 = Debug|x64
		{BE23AD3B-A4C0-41EF-A97C-FA07B2AA7D8B}.Debug|x86.ActiveCfg = Debug|Win32
		{BE23AD3B-A4C0-41EF-A97C-FA07B2AA7D8B}.Debug|x86.Build.0 = Debug|Win32
		{BE23AD3B-A4C0-41EF-A97C-FA07B2AA7D8B}.Release|x64.ActiveCfg = Release|x64
		{BE23AD3B-A4C0-41EF-A97C-FA07B2AA7D8B}.Release|x64.Build.0 = Release|x64
		{BE23AD3B-A4C0-41EF-A97C-FA07B2AA7D8B}.Release|x86.ActiveCfg = Release|Win32
		{BE23AD3B-A4C0-41EF-A97C-FA07B2AA7D8B}.Release|x86.Build.0 = Release|Win32
	EndGlobalSection
	GlobalSection(SolutionProperties) = preSolution
		HideSolutionNode = FALSE
	EndGlobalSection
	GlobalSection(ExtensibilityGlobals) = postSolution
		SolutionGuid = {BFF682F4-6D33-4E2B-B399-6152A7ACF86F}
	EndGlobalSection
EndGlobal
